
Microsoft Visual Studio Solution File, Format Version 12.00
# Visual Studio 15
Project("{FAE04EC0-301F-11D3-BF4B-00C04F79EFBC}") = "UnityEngine.TestRunner", "UnityEngine.TestRunner.csproj", "{2D98C8B8-FCE0-C23D-B06E-915A1A251057}"
EndProject
Project("{FAE04EC0-301F-11D3-BF4B-00C04F79EFBC}") = "Unity.Mathematics", "Unity.Mathematics.csproj", "{9728EB50-6213-9EE8-8D49-D861540B246F}"
EndProject
Project("{FAE04EC0-301F-11D3-BF4B-00C04F79EFBC}") = "Unity.2D.Animation.Triangle.Runtime", "Unity.2D.Animation.Triangle.Runtime.csproj", "{84DE5D46-3E8E-7C49-B75F-9B7F28C5A8ED}"
EndProject
Project("{FAE04EC0-301F-11D3-BF4B-00C04F79EFBC}") = "Unity.Timeline", "Unity.Timeline.csproj", "{07920E36-AC29-7B6F-3C0C-A4079881047C}"
EndProject
Project("{FAE04EC0-301F-11D3-BF4B-00C04F79EFBC}") = "UnityEngine.UI", "UnityEngine.UI.csproj", "{5CC2F804-DCF5-2F9E-C6F7-3A53940841BC}"
EndProject
Project("{FAE04EC0-301F-11D3-BF4B-00C04F79EFBC}") = "Unity.TextMeshPro", "Unity.TextMeshPro.csproj", "{064490B3-8BC0-7B74-8B14-1636B3220B34}"
EndProject
Project("{FAE04EC0-301F-11D3-BF4B-00C04F79EFBC}") = "Unity.2D.Animation.Runtime", "Unity.2D.Animation.Runtime.csproj", "{E2A47DE7-A21C-07BB-33D5-15CD1725A0F0}"
EndProject
Project("{FAE04EC0-301F-11D3-BF4B-00C04F79EFBC}") = "Unity.2D.IK.Runtime", "Unity.2D.IK.Runtime.csproj", "{28EA0392-807A-37A8-874E-52D71B95BD15}"
EndProject
Project("{FAE04EC0-301F-11D3-BF4B-00C04F79EFBC}") = "Unity.2D.SpriteShape.Runtime", "Unity.2D.SpriteShape.Runtime.csproj", "{3C1733F9-D76C-126D-A778-9273350B03A6}"
EndProject
Project("{FAE04EC0-301F-11D3-BF4B-00C04F79EFBC}") = "Unity.2D.PixelPerfect", "Unity.2D.PixelPerfect.csproj", "{5A2A3837-FDF6-D41F-BAE7-D6233C47EE52}"
EndProject
Project("{FAE04EC0-301F-11D3-BF4B-00C04F79EFBC}") = "Unity.2D.Common.Runtime", "Unity.2D.Common.Runtime.csproj", "{C745EC96-76B1-6936-0545-AA1EE1BB022A}"
EndProject
Project("{FAE04EC0-301F-11D3-BF4B-00C04F79EFBC}") = "Unity.InternalAPIEngineBridge.001", "Unity.InternalAPIEngineBridge.001.csproj", "{63C6F4C2-EE03-B3FF-55AC-ECA738285236}"
EndProject
Project("{FAE04EC0-301F-11D3-BF4B-00C04F79EFBC}") = "Assembly-CSharp", "Assembly-CSharp.csproj", "{FFA49830-D6F7-0913-B905-7C487181DED0}"
EndProject
Project("{FAE04EC0-301F-11D3-BF4B-00C04F79EFBC}") = "UnityEditor.TestRunner", "UnityEditor.TestRunner.csproj", "{115747DA-5477-37B9-EF2B-76389D10E3CB}"
EndProject
Project("{FAE04EC0-301F-11D3-BF4B-00C04F79EFBC}") = "Unity.PlasticSCM.Editor", "Unity.PlasticSCM.Editor.csproj", "{B226D263-4EDA-84AC-801F-E7D5212010FB}"
EndProject
Project("{FAE04EC0-301F-11D3-BF4B-00C04F79EFBC}") = "UnityEditor.UI", "UnityEditor.UI.csproj", "{20214E61-2FA1-1C8F-6301-0F747958EBA9}"
EndProject
Project("{FAE04EC0-301F-11D3-BF4B-00C04F79EFBC}") = "Unity.Timeline.Editor", "Unity.Timeline.Editor.csproj", "{67504D74-9C78-E0A3-0B90-907207AEEFA1}"
EndProject
Project("{FAE04EC0-301F-11D3-BF4B-00C04F79EFBC}") = "Unity.VisualStudio.Editor", "Unity.VisualStudio.Editor.csproj", "{9549273A-831F-315B-4E7A-B43A84672A70}"
EndProject
Project("{FAE04EC0-301F-11D3-BF4B-00C04F79EFBC}") = "Unity.2D.Psdimporter.Editor", "Unity.2D.Psdimporter.Editor.csproj", "{9A43F326-058F-E0A3-9BCF-21805B62F1E2}"
EndProject
Project("{FAE04EC0-301F-11D3-BF4B-00C04F79EFBC}") = "Unity.2D.Animation.Editor", "Unity.2D.Animation.Editor.csproj", "{D27AA7D8-2837-F8B8-1B0A-C209AB154393}"
EndProject
Project("{FAE04EC0-301F-11D3-BF4B-00C04F79EFBC}") = "Unity.TextMeshPro.Editor", "Unity.TextMeshPro.Editor.csproj", "{B723C86C-BADD-87E5-9EEB-134B28669906}"
EndProject
Project("{FAE04EC0-301F-11D3-BF4B-00C04F79EFBC}") = "Unity.2D.SpriteShape.Editor", "Unity.2D.SpriteShape.Editor.csproj", "{AE73FB46-EA74-D7F9-7B71-E152B5B81718}"
EndProject
Project("{FAE04EC0-301F-11D3-BF4B-00C04F79EFBC}") = "Unity.CollabProxy.Editor", "Unity.CollabProxy.Editor.csproj", "{D37F75D1-A93A-147D-533F-7007CFF5F172}"
EndProject
Project("{FAE04EC0-301F-11D3-BF4B-00C04F79EFBC}") = "PsdPlugin", "PsdPlugin.csproj", "{00CC0B43-2633-30D7-B4F4-24554F372D1A}"
EndProject
Project("{FAE04EC0-301F-11D3-BF4B-00C04F79EFBC}") = "Unity.2D.Path.Editor", "Unity.2D.Path.Editor.csproj", "{FDE86765-5504-D18B-8039-49CA0AC4A91D}"
EndProject
Project("{FAE04EC0-301F-11D3-BF4B-00C04F79EFBC}") = "Unity.Rider.Editor", "Unity.Rider.Editor.csproj", "{16DE2C4E-5EAB-BF24-2899-359F149D3758}"
EndProject
Project("{FAE04EC0-301F-11D3-BF4B-00C04F79EFBC}") = "Unity.2D.IK.Editor", "Unity.2D.IK.Editor.csproj", "{F4DB2B51-767A-4827-1D33-6D846A4831A9}"
EndProject
Project("{FAE04EC0-301F-11D3-BF4B-00C04F79EFBC}") = "Unity.2D.Sprite.Editor", "Unity.2D.Sprite.Editor.csproj", "{F44F70AC-1725-805B-D9C4-D0DB5CFEDB1D}"
EndProject
Project("{FAE04EC0-301F-11D3-BF4B-00C04F79EFBC}") = "Unity.2D.Tilemap.Editor", "Unity.2D.Tilemap.Editor.csproj", "{866280B5-BE4E-AE3B-13CC-E6689325D9C6}"
EndProject
Project("{FAE04EC0-301F-11D3-BF4B-00C04F79EFBC}") = "Unity.2D.PixelPerfect.Editor", "Unity.2D.PixelPerfect.Editor.csproj", "{ED102599-B729-B30F-4711-D933667ED6AE}"
EndProject
Project("{FAE04EC0-301F-11D3-BF4B-00C04F79EFBC}") = "Unity.VSCode.Editor", "Unity.VSCode.Editor.csproj", "{5E6AB1A4-A299-7C5B-EC93-C5DF7D53B543}"
EndProject
Project("{FAE04EC0-301F-11D3-BF4B-00C04F79EFBC}") = "Unity.2D.Common.Editor", "Unity.2D.Common.Editor.csproj", "{BBB7DB6D-AEF8-AE11-BB41-E6E4F8D0D10B}"
EndProject
Project("{FAE04EC0-301F-11D3-BF4B-00C04F79EFBC}") = "Unity.Mathematics.Editor", "Unity.Mathematics.Editor.csproj", "{CD30C3A2-7B41-FAF8-24CA-202FBF94BB24}"
EndProject
Project("{FAE04EC0-301F-11D3-BF4B-00C04F79EFBC}") = "Unity.InternalAPIEditorBridge.001", "Unity.InternalAPIEditorBridge.001.csproj", "{095AE9E6-2F4C-7894-1322-39C601EBCAA1}"
EndProject
Project("{FAE04EC0-301F-11D3-BF4B-00C04F79EFBC}") = "UnityEngine.TestRunner", "UnityEngine.TestRunner.Player.csproj", "{290ADC5B-CD84-6EC4-8B4B-2ADAFDA1B042}"
EndProject
Project("{FAE04EC0-301F-11D3-BF4B-00C04F79EFBC}") = "Unity.Mathematics", "Unity.Mathematics.Player.csproj", "{4ADE0231-493A-5D2C-F205-4F6AFB95C6D1}"
EndProject
Project("{FAE04EC0-301F-11D3-BF4B-00C04F79EFBC}") = "Unity.2D.Animation.Triangle.Runtime", "Unity.2D.Animation.Triangle.Runtime.Player.csproj", "{DD97C654-9E22-39B9-57D6-0503B676C14A}"
EndProject
Project("{FAE04EC0-301F-11D3-BF4B-00C04F79EFBC}") = "Unity.Timeline", "Unity.Timeline.Player.csproj", "{1D926DAE-435D-2AD2-8B26-51AAE2E9CC48}"
EndProject
Project("{FAE04EC0-301F-11D3-BF4B-00C04F79EFBC}") = "UnityEngine.UI", "UnityEngine.UI.Player.csproj", "{A04624C8-56A1-E25A-44D2-FBF38DF56C45}"
EndProject
Project("{FAE04EC0-301F-11D3-BF4B-00C04F79EFBC}") = "Unity.TextMeshPro", "Unity.TextMeshPro.Player.csproj", "{D5456596-49D5-9F2A-0452-5182E6EEB555}"
EndProject
Project("{FAE04EC0-301F-11D3-BF4B-00C04F79EFBC}") = "Unity.2D.Animation.Runtime", "Unity.2D.Animation.Runtime.Player.csproj", "{F06FBA9F-D134-2DDA-1210-625750CBE27F}"
EndProject
Project("{FAE04EC0-301F-11D3-BF4B-00C04F79EFBC}") = "Unity.2D.IK.Runtime", "Unity.2D.IK.Runtime.Player.csproj", "{A090E152-A127-022D-66AE-7D1E9BA16B69}"
EndProject
Project("{FAE04EC0-301F-11D3-BF4B-00C04F79EFBC}") = "Unity.2D.SpriteShape.Runtime", "Unity.2D.SpriteShape.Runtime.Player.csproj", "{DA3F80F4-9134-FB4B-D413-2C45D73F2165}"
EndProject
Project("{FAE04EC0-301F-11D3-BF4B-00C04F79EFBC}") = "Unity.2D.PixelPerfect", "Unity.2D.PixelPerfect.Player.csproj", "{0F6BE2C9-EC27-611B-D96E-DEE90434FB7A}"
EndProject
Project("{FAE04EC0-301F-11D3-BF4B-00C04F79EFBC}") = "Unity.2D.Common.Runtime", "Unity.2D.Common.Runtime.Player.csproj", "{B8AC537D-ADD2-F25F-1E75-90BFA8F57B1F}"
EndProject
Project("{FAE04EC0-301F-11D3-BF4B-00C04F79EFBC}") = "Unity.InternalAPIEngineBridge.001", "Unity.InternalAPIEngineBridge.001.Player.csproj", "{BEB4DCA6-F011-C083-7379-1099B8D60FB1}"
EndProject
Project("{FAE04EC0-301F-11D3-BF4B-00C04F79EFBC}") = "Assembly-CSharp", "Assembly-CSharp.Player.csproj", "{43A785E2-75D1-1303-8BE2-CA14393A2E56}"
EndProject
Global
	GlobalSection(SolutionConfigurationPlatforms) = preSolution
		Debug|Any CPU = Debug|Any CPU
		Release|Any CPU = Release|Any CPU
	EndGlobalSection
	GlobalSection(ProjectConfigurationPlatforms) = postSolution
		{2D98C8B8-FCE0-C23D-B06E-915A1A251057}.Debug|Any CPU.ActiveCfg = Debug|Any CPU
		{2D98C8B8-FCE0-C23D-B06E-915A1A251057}.Debug|Any CPU.Build.0 = Debug|Any CPU
		{2D98C8B8-FCE0-C23D-B06E-915A1A251057}.Release|Any CPU.ActiveCfg = Release|Any CPU
		{2D98C8B8-FCE0-C23D-B06E-915A1A251057}.Release|Any CPU.Build.0 = Release|Any CPU
		{9728EB50-6213-9EE8-8D49-D861540B246F}.Debug|Any CPU.ActiveCfg = Debug|Any CPU
		{9728EB50-6213-9EE8-8D49-D861540B246F}.Debug|Any CPU.Build.0 = Debug|Any CPU
		{9728EB50-6213-9EE8-8D49-D861540B246F}.Release|Any CPU.ActiveCfg = Release|Any CPU
		{9728EB50-6213-9EE8-8D49-D861540B246F}.Release|Any CPU.Build.0 = Release|Any CPU
		{84DE5D46-3E8E-7C49-B75F-9B7F28C5A8ED}.Debug|Any CPU.ActiveCfg = Debug|Any CPU
		{84DE5D46-3E8E-7C49-B75F-9B7F28C5A8ED}.Debug|Any CPU.Build.0 = Debug|Any CPU
		{84DE5D46-3E8E-7C49-B75F-9B7F28C5A8ED}.Release|Any CPU.ActiveCfg = Release|Any CPU
		{84DE5D46-3E8E-7C49-B75F-9B7F28C5A8ED}.Release|Any CPU.Build.0 = Release|Any CPU
		{07920E36-AC29-7B6F-3C0C-A4079881047C}.Debug|Any CPU.ActiveCfg = Debug|Any CPU
		{07920E36-AC29-7B6F-3C0C-A4079881047C}.Debug|Any CPU.Build.0 = Debug|Any CPU
		{07920E36-AC29-7B6F-3C0C-A4079881047C}.Release|Any CPU.ActiveCfg = Release|Any CPU
		{07920E36-AC29-7B6F-3C0C-A4079881047C}.Release|Any CPU.Build.0 = Release|Any CPU
		{5CC2F804-DCF5-2F9E-C6F7-3A53940841BC}.Debug|Any CPU.ActiveCfg = Debug|Any CPU
		{5CC2F804-DCF5-2F9E-C6F7-3A53940841BC}.Debug|Any CPU.Build.0 = Debug|Any CPU
		{5CC2F804-DCF5-2F9E-C6F7-3A53940841BC}.Release|Any CPU.ActiveCfg = Release|Any CPU
		{5CC2F804-DCF5-2F9E-C6F7-3A53940841BC}.Release|Any CPU.Build.0 = Release|Any CPU
		{064490B3-8BC0-7B74-8B14-1636B3220B34}.Debug|Any CPU.ActiveCfg = Debug|Any CPU
		{064490B3-8BC0-7B74-8B14-1636B3220B34}.Debug|Any CPU.Build.0 = Debug|Any CPU
		{064490B3-8BC0-7B74-8B14-1636B3220B34}.Release|Any CPU.ActiveCfg = Release|Any CPU
		{064490B3-8BC0-7B74-8B14-1636B3220B34}.Release|Any CPU.Build.0 = Release|Any CPU
		{E2A47DE7-A21C-07BB-33D5-15CD1725A0F0}.Debug|Any CPU.ActiveCfg = Debug|Any CPU
		{E2A47DE7-A21C-07BB-33D5-15CD1725A0F0}.Debug|Any CPU.Build.0 = Debug|Any CPU
		{E2A47DE7-A21C-07BB-33D5-15CD1725A0F0}.Release|Any CPU.ActiveCfg = Release|Any CPU
		{E2A47DE7-A21C-07BB-33D5-15CD1725A0F0}.Release|Any CPU.Build.0 = Release|Any CPU
		{28EA0392-807A-37A8-874E-52D71B95BD15}.Debug|Any CPU.ActiveCfg = Debug|Any CPU
		{28EA0392-807A-37A8-874E-52D71B95BD15}.Debug|Any CPU.Build.0 = Debug|Any CPU
		{28EA0392-807A-37A8-874E-52D71B95BD15}.Release|Any CPU.ActiveCfg = Release|Any CPU
		{28EA0392-807A-37A8-874E-52D71B95BD15}.Release|Any CPU.Build.0 = Release|Any CPU
		{3C1733F9-D76C-126D-A778-9273350B03A6}.Debug|Any CPU.ActiveCfg = Debug|Any CPU
		{3C1733F9-D76C-126D-A778-9273350B03A6}.Debug|Any CPU.Build.0 = Debug|Any CPU
		{3C1733F9-D76C-126D-A778-9273350B03A6}.Release|Any CPU.ActiveCfg = Release|Any CPU
		{3C1733F9-D76C-126D-A778-9273350B03A6}.Release|Any CPU.Build.0 = Release|Any CPU
		{5A2A3837-FDF6-D41F-BAE7-D6233C47EE52}.Debug|Any CPU.ActiveCfg = Debug|Any CPU
		{5A2A3837-FDF6-D41F-BAE7-D6233C47EE52}.Debug|Any CPU.Build.0 = Debug|Any CPU
		{5A2A3837-FDF6-D41F-BAE7-D6233C47EE52}.Release|Any CPU.ActiveCfg = Release|Any CPU
		{5A2A3837-FDF6-D41F-BAE7-D6233C47EE52}.Release|Any CPU.Build.0 = Release|Any CPU
		{C745EC96-76B1-6936-0545-AA1EE1BB022A}.Debug|Any CPU.ActiveCfg = Debug|Any CPU
		{C745EC96-76B1-6936-0545-AA1EE1BB022A}.Debug|Any CPU.Build.0 = Debug|Any CPU
		{C745EC96-76B1-6936-0545-AA1EE1BB022A}.Release|Any CPU.ActiveCfg = Release|Any CPU
		{C745EC96-76B1-6936-0545-AA1EE1BB022A}.Release|Any CPU.Build.0 = Release|Any CPU
		{63C6F4C2-EE03-B3FF-55AC-ECA738285236}.Debug|Any CPU.ActiveCfg = Debug|Any CPU
		{63C6F4C2-EE03-B3FF-55AC-ECA738285236}.Debug|Any CPU.Build.0 = Debug|Any CPU
		{63C6F4C2-EE03-B3FF-55AC-ECA738285236}.Release|Any CPU.ActiveCfg = Release|Any CPU
		{63C6F4C2-EE03-B3FF-55AC-ECA738285236}.Release|Any CPU.Build.0 = Release|Any CPU
		{FFA49830-D6F7-0913-B905-7C487181DED0}.Debug|Any CPU.ActiveCfg = Debug|Any CPU
		{FFA49830-D6F7-0913-B905-7C487181DED0}.Debug|Any CPU.Build.0 = Debug|Any CPU
		{FFA49830-D6F7-0913-B905-7C487181DED0}.Release|Any CPU.ActiveCfg = Release|Any CPU
		{FFA49830-D6F7-0913-B905-7C487181DED0}.Release|Any CPU.Build.0 = Release|Any CPU
		{115747DA-5477-37B9-EF2B-76389D10E3CB}.Debug|Any CPU.ActiveCfg = Debug|Any CPU
		{115747DA-5477-37B9-EF2B-76389D10E3CB}.Debug|Any CPU.Build.0 = Debug|Any CPU
		{115747DA-5477-37B9-EF2B-76389D10E3CB}.Release|Any CPU.ActiveCfg = Release|Any CPU
		{115747DA-5477-37B9-EF2B-76389D10E3CB}.Release|Any CPU.Build.0 = Release|Any CPU
		{B226D263-4EDA-84AC-801F-E7D5212010FB}.Debug|Any CPU.ActiveCfg = Debug|Any CPU
		{B226D263-4EDA-84AC-801F-E7D5212010FB}.Debug|Any CPU.Build.0 = Debug|Any CPU
		{B226D263-4EDA-84AC-801F-E7D5212010FB}.Release|Any CPU.ActiveCfg = Release|Any CPU
		{B226D263-4EDA-84AC-801F-E7D5212010FB}.Release|Any CPU.Build.0 = Release|Any CPU
		{20214E61-2FA1-1C8F-6301-0F747958EBA9}.Debug|Any CPU.ActiveCfg = Debug|Any CPU
		{20214E61-2FA1-1C8F-6301-0F747958EBA9}.Debug|Any CPU.Build.0 = Debug|Any CPU
		{20214E61-2FA1-1C8F-6301-0F747958EBA9}.Release|Any CPU.ActiveCfg = Release|Any CPU
		{20214E61-2FA1-1C8F-6301-0F747958EBA9}.Release|Any CPU.Build.0 = Release|Any CPU
		{67504D74-9C78-E0A3-0B90-907207AEEFA1}.Debug|Any CPU.ActiveCfg = Debug|Any CPU
		{67504D74-9C78-E0A3-0B90-907207AEEFA1}.Debug|Any CPU.Build.0 = Debug|Any CPU
		{67504D74-9C78-E0A3-0B90-907207AEEFA1}.Release|Any CPU.ActiveCfg = Release|Any CPU
		{67504D74-9C78-E0A3-0B90-907207AEEFA1}.Release|Any CPU.Build.0 = Release|Any CPU
		{9549273A-831F-315B-4E7A-B43A84672A70}.Debug|Any CPU.ActiveCfg = Debug|Any CPU
		{9549273A-831F-315B-4E7A-B43A84672A70}.Debug|Any CPU.Build.0 = Debug|Any CPU
		{9549273A-831F-315B-4E7A-B43A84672A70}.Release|Any CPU.ActiveCfg = Release|Any CPU
		{9549273A-831F-315B-4E7A-B43A84672A70}.Release|Any CPU.Build.0 = Release|Any CPU
		{9A43F326-058F-E0A3-9BCF-21805B62F1E2}.Debug|Any CPU.ActiveCfg = Debug|Any CPU
		{9A43F326-058F-E0A3-9BCF-21805B62F1E2}.Debug|Any CPU.Build.0 = Debug|Any CPU
		{9A43F326-058F-E0A3-9BCF-21805B62F1E2}.Release|Any CPU.ActiveCfg = Release|Any CPU
		{9A43F326-058F-E0A3-9BCF-21805B62F1E2}.Release|Any CPU.Build.0 = Release|Any CPU
		{D27AA7D8-2837-F8B8-1B0A-C209AB154393}.Debug|Any CPU.ActiveCfg = Debug|Any CPU
		{D27AA7D8-2837-F8B8-1B0A-C209AB154393}.Debug|Any CPU.Build.0 = Debug|Any CPU
		{D27AA7D8-2837-F8B8-1B0A-C209AB154393}.Release|Any CPU.ActiveCfg = Release|Any CPU
		{D27AA7D8-2837-F8B8-1B0A-C209AB154393}.Release|Any CPU.Build.0 = Release|Any CPU
		{B723C86C-BADD-87E5-9EEB-134B28669906}.Debug|Any CPU.ActiveCfg = Debug|Any CPU
		{B723C86C-BADD-87E5-9EEB-134B28669906}.Debug|Any CPU.Build.0 = Debug|Any CPU
		{B723C86C-BADD-87E5-9EEB-134B28669906}.Release|Any CPU.ActiveCfg = Release|Any CPU
		{B723C86C-BADD-87E5-9EEB-134B28669906}.Release|Any CPU.Build.0 = Release|Any CPU
		{AE73FB46-EA74-D7F9-7B71-E152B5B81718}.Debug|Any CPU.ActiveCfg = Debug|Any CPU
		{AE73FB46-EA74-D7F9-7B71-E152B5B81718}.Debug|Any CPU.Build.0 = Debug|Any CPU
		{AE73FB46-EA74-D7F9-7B71-E152B5B81718}.Release|Any CPU.ActiveCfg = Release|Any CPU
		{AE73FB46-EA74-D7F9-7B71-E152B5B81718}.Release|Any CPU.Build.0 = Release|Any CPU
		{D37F75D1-A93A-147D-533F-7007CFF5F172}.Debug|Any CPU.ActiveCfg = Debug|Any CPU
		{D37F75D1-A93A-147D-533F-7007CFF5F172}.Debug|Any CPU.Build.0 = Debug|Any CPU
		{D37F75D1-A93A-147D-533F-7007CFF5F172}.Release|Any CPU.ActiveCfg = Release|Any CPU
		{D37F75D1-A93A-147D-533F-7007CFF5F172}.Release|Any CPU.Build.0 = Release|Any CPU
		{00CC0B43-2633-30D7-B4F4-24554F372D1A}.Debug|Any CPU.ActiveCfg = Debug|Any CPU
		{00CC0B43-2633-30D7-B4F4-24554F372D1A}.Debug|Any CPU.Build.0 = Debug|Any CPU
		{00CC0B43-2633-30D7-B4F4-24554F372D1A}.Release|Any CPU.ActiveCfg = Release|Any CPU
		{00CC0B43-2633-30D7-B4F4-24554F372D1A}.Release|Any CPU.Build.0 = Release|Any CPU
		{FDE86765-5504-D18B-8039-49CA0AC4A91D}.Debug|Any CPU.ActiveCfg = Debug|Any CPU
		{FDE86765-5504-D18B-8039-49CA0AC4A91D}.Debug|Any CPU.Build.0 = Debug|Any CPU
		{FDE86765-5504-D18B-8039-49CA0AC4A91D}.Release|Any CPU.ActiveCfg = Release|Any CPU
		{FDE86765-5504-D18B-8039-49CA0AC4A91D}.Release|Any CPU.Build.0 = Release|Any CPU
		{16DE2C4E-5EAB-BF24-2899-359F149D3758}.Debug|Any CPU.ActiveCfg = Debug|Any CPU
		{16DE2C4E-5EAB-BF24-2899-359F149D3758}.Debug|Any CPU.Build.0 = Debug|Any CPU
		{16DE2C4E-5EAB-BF24-2899-359F149D3758}.Release|Any CPU.ActiveCfg = Release|Any CPU
		{16DE2C4E-5EAB-BF24-2899-359F149D3758}.Release|Any CPU.Build.0 = Release|Any CPU
		{F4DB2B51-767A-4827-1D33-6D846A4831A9}.Debug|Any CPU.ActiveCfg = Debug|Any CPU
		{F4DB2B51-767A-4827-1D33-6D846A4831A9}.Debug|Any CPU.Build.0 = Debug|Any CPU
		{F4DB2B51-767A-4827-1D33-6D846A4831A9}.Release|Any CPU.ActiveCfg = Release|Any CPU
		{F4DB2B51-767A-4827-1D33-6D846A4831A9}.Release|Any CPU.Build.0 = Release|Any CPU
		{F44F70AC-1725-805B-D9C4-D0DB5CFEDB1D}.Debug|Any CPU.ActiveCfg = Debug|Any CPU
		{F44F70AC-1725-805B-D9C4-D0DB5CFEDB1D}.Debug|Any CPU.Build.0 = Debug|Any CPU
		{F44F70AC-1725-805B-D9C4-D0DB5CFEDB1D}.Release|Any CPU.ActiveCfg = Release|Any CPU
		{F44F70AC-1725-805B-D9C4-D0DB5CFEDB1D}.Release|Any CPU.Build.0 = Release|Any CPU
		{866280B5-BE4E-AE3B-13CC-E6689325D9C6}.Debug|Any CPU.ActiveCfg = Debug|Any CPU
		{866280B5-BE4E-AE3B-13CC-E6689325D9C6}.Debug|Any CPU.Build.0 = Debug|Any CPU
		{866280B5-BE4E-AE3B-13CC-E6689325D9C6}.Release|Any CPU.ActiveCfg = Release|Any CPU
		{866280B5-BE4E-AE3B-13CC-E6689325D9C6}.Release|Any CPU.Build.0 = Release|Any CPU
		{ED102599-B729-B30F-4711-D933667ED6AE}.Debug|Any CPU.ActiveCfg = Debug|Any CPU
		{ED102599-B729-B30F-4711-D933667ED6AE}.Debug|Any CPU.Build.0 = Debug|Any CPU
		{ED102599-B729-B30F-4711-D933667ED6AE}.Release|Any CPU.ActiveCfg = Release|Any CPU
		{ED102599-B729-B30F-4711-D933667ED6AE}.Release|Any CPU.Build.0 = Release|Any CPU
		{5E6AB1A4-A299-7C5B-EC93-C5DF7D53B543}.Debug|Any CPU.ActiveCfg = Debug|Any CPU
		{5E6AB1A4-A299-7C5B-EC93-C5DF7D53B543}.Debug|Any CPU.Build.0 = Debug|Any CPU
		{5E6AB1A4-A299-7C5B-EC93-C5DF7D53B543}.Release|Any CPU.ActiveCfg = Release|Any CPU
		{5E6AB1A4-A299-7C5B-EC93-C5DF7D53B543}.Release|Any CPU.Build.0 = Release|Any CPU
		{BBB7DB6D-AEF8-AE11-BB41-E6E4F8D0D10B}.Debug|Any CPU.ActiveCfg = Debug|Any CPU
		{BBB7DB6D-AEF8-AE11-BB41-E6E4F8D0D10B}.Debug|Any CPU.Build.0 = Debug|Any CPU
		{BBB7DB6D-AEF8-AE11-BB41-E6E4F8D0D10B}.Release|Any CPU.ActiveCfg = Release|Any CPU
		{BBB7DB6D-AEF8-AE11-BB41-E6E4F8D0D10B}.Release|Any CPU.Build.0 = Release|Any CPU
		{CD30C3A2-7B41-FAF8-24CA-202FBF94BB24}.Debug|Any CPU.ActiveCfg = Debug|Any CPU
		{CD30C3A2-7B41-FAF8-24CA-202FBF94BB24}.Debug|Any CPU.Build.0 = Debug|Any CPU
		{CD30C3A2-7B41-FAF8-24CA-202FBF94BB24}.Release|Any CPU.ActiveCfg = Release|Any CPU
		{CD30C3A2-7B41-FAF8-24CA-202FBF94BB24}.Release|Any CPU.Build.0 = Release|Any CPU
		{095AE9E6-2F4C-7894-1322-39C601EBCAA1}.Debug|Any CPU.ActiveCfg = Debug|Any CPU
		{095AE9E6-2F4C-7894-1322-39C601EBCAA1}.Debug|Any CPU.Build.0 = Debug|Any CPU
		{095AE9E6-2F4C-7894-1322-39C601EBCAA1}.Release|Any CPU.ActiveCfg = Release|Any CPU
		{095AE9E6-2F4C-7894-1322-39C601EBCAA1}.Release|Any CPU.Build.0 = Release|Any CPU
		{290ADC5B-CD84-6EC4-8B4B-2ADAFDA1B042}.Debug|Any CPU.ActiveCfg = Debug|Any CPU
		{290ADC5B-CD84-6EC4-8B4B-2ADAFDA1B042}.Debug|Any CPU.Build.0 = Debug|Any CPU
		{290ADC5B-CD84-6EC4-8B4B-2ADAFDA1B042}.Release|Any CPU.ActiveCfg = Release|Any CPU
		{290ADC5B-CD84-6EC4-8B4B-2ADAFDA1B042}.Release|Any CPU.Build.0 = Release|Any CPU
		{4ADE0231-493A-5D2C-F205-4F6AFB95C6D1}.Debug|Any CPU.ActiveCfg = Debug|Any CPU
		{4ADE0231-493A-5D2C-F205-4F6AFB95C6D1}.Debug|Any CPU.Build.0 = Debug|Any CPU
		{4ADE0231-493A-5D2C-F205-4F6AFB95C6D1}.Release|Any CPU.ActiveCfg = Release|Any CPU
		{4ADE0231-493A-5D2C-F205-4F6AFB95C6D1}.Release|Any CPU.Build.0 = Release|Any CPU
		{DD97C654-9E22-39B9-57D6-0503B676C14A}.Debug|Any CPU.ActiveCfg = Debug|Any CPU
		{DD97C654-9E22-39B9-57D6-0503B676C14A}.Debug|Any CPU.Build.0 = Debug|Any CPU
		{DD97C654-9E22-39B9-57D6-0503B676C14A}.Release|Any CPU.ActiveCfg = Release|Any CPU
		{DD97C654-9E22-39B9-57D6-0503B676C14A}.Release|Any CPU.Build.0 = Release|Any CPU
		{1D926DAE-435D-2AD2-8B26-51AAE2E9CC48}.Debug|Any CPU.ActiveCfg = Debug|Any CPU
		{1D926DAE-435D-2AD2-8B26-51AAE2E9CC48}.Debug|Any CPU.Build.0 = Debug|Any CPU
		{1D926DAE-435D-2AD2-8B26-51AAE2E9CC48}.Release|Any CPU.ActiveCfg = Release|Any CPU
		{1D926DAE-435D-2AD2-8B26-51AAE2E9CC48}.Release|Any CPU.Build.0 = Release|Any CPU
		{A04624C8-56A1-E25A-44D2-FBF38DF56C45}.Debug|Any CPU.ActiveCfg = Debug|Any CPU
		{A04624C8-56A1-E25A-44D2-FBF38DF56C45}.Debug|Any CPU.Build.0 = Debug|Any CPU
		{A04624C8-56A1-E25A-44D2-FBF38DF56C45}.Release|Any CPU.ActiveCfg = Release|Any CPU
		{A04624C8-56A1-E25A-44D2-FBF38DF56C45}.Release|Any CPU.Build.0 = Release|Any CPU
		{D5456596-49D5-9F2A-0452-5182E6EEB555}.Debug|Any CPU.ActiveCfg = Debug|Any CPU
		{D5456596-49D5-9F2A-0452-5182E6EEB555}.Debug|Any CPU.Build.0 = Debug|Any CPU
		{D5456596-49D5-9F2A-0452-5182E6EEB555}.Release|Any CPU.ActiveCfg = Release|Any CPU
		{D5456596-49D5-9F2A-0452-5182E6EEB555}.Release|Any CPU.Build.0 = Release|Any CPU
		{F06FBA9F-D134-2DDA-1210-625750CBE27F}.Debug|Any CPU.ActiveCfg = Debug|Any CPU
		{F06FBA9F-D134-2DDA-1210-625750CBE27F}.Debug|Any CPU.Build.0 = Debug|Any CPU
		{F06FBA9F-D134-2DDA-1210-625750CBE27F}.Release|Any CPU.ActiveCfg = Release|Any CPU
		{F06FBA9F-D134-2DDA-1210-625750CBE27F}.Release|Any CPU.Build.0 = Release|Any CPU
		{A090E152-A127-022D-66AE-7D1E9BA16B69}.Debug|Any CPU.ActiveCfg = Debug|Any CPU
		{A090E152-A127-022D-66AE-7D1E9BA16B69}.Debug|Any CPU.Build.0 = Debug|Any CPU
		{A090E152-A127-022D-66AE-7D1E9BA16B69}.Release|Any CPU.ActiveCfg = Release|Any CPU
		{A090E152-A127-022D-66AE-7D1E9BA16B69}.Release|Any CPU.Build.0 = Release|Any CPU
		{DA3F80F4-9134-FB4B-D413-2C45D73F2165}.Debug|Any CPU.ActiveCfg = Debug|Any CPU
		{DA3F80F4-9134-FB4B-D413-2C45D73F2165}.Debug|Any CPU.Build.0 = Debug|Any CPU
		{DA3F80F4-9134-FB4B-D413-2C45D73F2165}.Release|Any CPU.ActiveCfg = Release|Any CPU
		{DA3F80F4-9134-FB4B-D413-2C45D73F2165}.Release|Any CPU.Build.0 = Release|Any CPU
		{0F6BE2C9-EC27-611B-D96E-DEE90434FB7A}.Debug|Any CPU.ActiveCfg = Debug|Any CPU
		{0F6BE2C9-EC27-611B-D96E-DEE90434FB7A}.Debug|Any CPU.Build.0 = Debug|Any CPU
		{0F6BE2C9-EC27-611B-D96E-DEE90434FB7A}.Release|Any CPU.ActiveCfg = Release|Any CPU
		{0F6BE2C9-EC27-611B-D96E-DEE90434FB7A}.Release|Any CPU.Build.0 = Release|Any CPU
		{B8AC537D-ADD2-F25F-1E75-90BFA8F57B1F}.Debug|Any CPU.ActiveCfg = Debug|Any CPU
		{B8AC537D-ADD2-F25F-1E75-90BFA8F57B1F}.Debug|Any CPU.Build.0 = Debug|Any CPU
		{B8AC537D-ADD2-F25F-1E75-90BFA8F57B1F}.Release|Any CPU.ActiveCfg = Release|Any CPU
		{B8AC537D-ADD2-F25F-1E75-90BFA8F57B1F}.Release|Any CPU.Build.0 = Release|Any CPU
		{BEB4DCA6-F011-C083-7379-1099B8D60FB1}.Debug|Any CPU.ActiveCfg = Debug|Any CPU
		{BEB4DCA6-F011-C083-7379-1099B8D60FB1}.Debug|Any CPU.Build.0 = Debug|Any CPU
		{BEB4DCA6-F011-C083-7379-1099B8D60FB1}.Release|Any CPU.ActiveCfg = Release|Any CPU
		{BEB4DCA6-F011-C083-7379-1099B8D60FB1}.Release|Any CPU.Build.0 = Release|Any CPU
		{43A785E2-75D1-1303-8BE2-CA14393A2E56}.Debug|Any CPU.ActiveCfg = Debug|Any CPU
		{43A785E2-75D1-1303-8BE2-CA14393A2E56}.Debug|Any CPU.Build.0 = Debug|Any CPU
		{43A785E2-75D1-1303-8BE2-CA14393A2E56}.Release|Any CPU.ActiveCfg = Release|Any CPU
		{43A785E2-75D1-1303-8BE2-CA14393A2E56}.Release|Any CPU.Build.0 = Release|Any CPU
	EndGlobalSection
	GlobalSection(SolutionProperties) = preSolution
		HideSolutionNode = FALSE
	EndGlobalSection
EndGlobal
